
Microsoft Visual Studio Solution File, Format Version 12.00
# Visual Studio Version 16
VisualStudioVersion = 16.0.31313.79
MinimumVisualStudioVersion = 10.0.40219.1
Project("{159641D6-6404-4A2A-AE62-294DE0FE8301}") = "Jun-10-SSIS_Project", "Jun-10-SSIS_Project.dtproj", "{B3BCB64D-78C1-4D03-84EF-CAD12657D332}"
EndProject
Global
	GlobalSection(SolutionConfigurationPlatforms) = preSolution
		Development|Default = Development|Default
	EndGlobalSection
	GlobalSection(ProjectConfigurationPlatforms) = postSolution
		{B3BCB64D-78C1-4D03-84EF-CAD12657D332}.Development|Default.ActiveCfg = Development
		{B3BCB64D-78C1-4D03-84EF-CAD12657D332}.Development|Default.Build.0 = Development
	EndGlobalSection
	GlobalSection(SolutionProperties) = preSolution
		HideSolutionNode = FALSE
	EndGlobalSection
	GlobalSection(ExtensibilityGlobals) = postSolution
		SolutionGuid = {AF54E435-75F6-4ABE-809B-F44674624B8F}
	EndGlobalSection
EndGlobal
